
Microsoft Visual Studio Solution File, Format Version 12.00
# Visual Studio 15
VisualStudioVersion = 15.0.27004.2005
MinimumVisualStudioVersion = 15.0.26124.0
Project("{FAE04EC0-301F-11D3-BF4B-00C04F79EFBC}") = "SkillsTest.Lib", "SkillsTest.Lib\SkillsTest.Lib.csproj", "{1E298B05-2DD4-4CBD-8A41-F655845711B1}"
EndProject
Project("{FAE04EC0-301F-11D3-BF4B-00C04F79EFBC}") = "SkillsTest.Tests", "SkillsTest.Tests\SkillsTest.Tests.csproj", "{AE0C2BBD-6AE5-4595-A88E-3EF4D650E31D}"
EndProject
Project("{2150E333-8FDC-42A3-9474-1A3956D46DE8}") = "Solution Items", "Solution Items", "{CBEA31AB-6017-43B6-BAA0-367290B98C13}"
	ProjectSection(SolutionItems) = preProject
		README.md = README.md
	EndProjectSection
EndProject
Global
	GlobalSection(SolutionConfigurationPlatforms) = preSolution
		Debug|Any CPU = Debug|Any CPU
		Debug|x64 = Debug|x64
		Debug|x86 = Debug|x86
		Release|Any CPU = Release|Any CPU
		Release|x64 = Release|x64
		Release|x86 = Release|x86
	EndGlobalSection
	GlobalSection(ProjectConfigurationPlatforms) = postSolution
		{1E298B05-2DD4-4CBD-8A41-F655845711B1}.Debug|Any CPU.ActiveCfg = Debug|Any CPU
		{1E298B05-2DD4-4CBD-8A41-F655845711B1}.Debug|Any CPU.Build.0 = Debug|Any CPU
		{1E298B05-2DD4-4CBD-8A41-F655845711B1}.Debug|x64.ActiveCfg = Debug|Any CPU
		{1E298B05-2DD4-4CBD-8A41-F655845711B1}.Debug|x64.Build.0 = Debug|Any CPU
		{1E298B05-2DD4-4CBD-8A41-F655845711B1}.Debug|x86.ActiveCfg = Debug|Any CPU
		{1E298B05-2DD4-4CBD-8A41-F655845711B1}.Debug|x86.Build.0 = Debug|Any CPU
		{1E298B05-2DD4-4CBD-8A41-F655845711B1}.Release|Any CPU.ActiveCfg = Release|Any CPU
		{1E298B05-2DD4-4CBD-8A41-F655845711B1}.Release|Any CPU.Build.0 = Release|Any CPU
		{1E298B05-2DD4-4CBD-8A41-F655845711B1}.Release|x64.ActiveCfg = Release|Any CPU
		{1E298B05-2DD4-4CBD-8A41-F655845711B1}.Release|x64.Build.0 = Release|Any CPU
		{1E298B05-2DD4-4CBD-8A41-F655845711B1}.Release|x86.ActiveCfg = Release|Any CPU
		{1E298B05-2DD4-4CBD-8A41-F655845711B1}.Release|x86.Build.0 = Release|Any CPU
		{AE0C2BBD-6AE5-4595-A88E-3EF4D650E31D}.Debug|Any CPU.ActiveCfg = Debug|Any CPU
		{AE0C2BBD-6AE5-4595-A88E-3EF4D650E31D}.Debug|Any CPU.Build.0 = Debug|Any CPU
		{AE0C2BBD-6AE5-4595-A88E-3EF4D650E31D}.Debug|x64.ActiveCfg = Debug|Any CPU
		{AE0C2BBD-6AE5-4595-A88E-3EF4D650E31D}.Debug|x64.Build.0 = Debug|Any CPU
		{AE0C2BBD-6AE5-4595-A88E-3EF4D650E31D}.Debug|x86.ActiveCfg = Debug|Any CPU
		{AE0C2BBD-6AE5-4595-A88E-3EF4D650E31D}.Debug|x86.Build.0 = Debug|Any CPU
		{AE0C2BBD-6AE5-4595-A88E-3EF4D650E31D}.Release|Any CPU.ActiveCfg = Release|Any CPU
		{AE0C2BBD-6AE5-4595-A88E-3EF4D650E31D}.Release|Any CPU.Build.0 = Release|Any CPU
		{AE0C2BBD-6AE5-4595-A88E-3EF4D650E31D}.Release|x64.ActiveCfg = Release|Any CPU
		{AE0C2BBD-6AE5-4595-A88E-3EF4D650E31D}.Release|x64.Build.0 = Release|Any CPU
		{AE0C2BBD-6AE5-4595-A88E-3EF4D650E31D}.Release|x86.ActiveCfg = Release|Any CPU
		{AE0C2BBD-6AE5-4595-A88E-3EF4D650E31D}.Release|x86.Build.0 = Release|Any CPU
	EndGlobalSection
	GlobalSection(SolutionProperties) = preSolution
		HideSolutionNode = FALSE
	EndGlobalSection
	GlobalSection(ExtensibilityGlobals) = postSolution
		SolutionGuid = {E08A010C-BFCB-4330-8AC9-BF8DB1812226}
	EndGlobalSection
EndGlobal
